<Solution>
  <Project Path="Biblioteca.API/Biblioteca.API.csproj" />
  <Project Path="Biblioteca.BL/Biblioteca.BL.csproj" />
  <Project Path="Biblioteca.Common/Biblioteca.Common.csproj" />
  <Project Path="Biblioteca.DAL/Biblioteca.DAL.csproj" />
  <Project Path="Biblioteca.Entites/Biblioteca.Entites.csproj" />
</Solution>
